// !$*UTF8*$!
{
	archiveVersion = 1;
	classes = {
	};
	objectVersion = 46;
	objects = {

/* Begin PBXBuildFile section */
		349F27231F61B77C00D180CB /* AppDelegate.swift in Sources */ = {isa = PBXBuildFile; fileRef = 349F27221F61B77C00D180CB /* AppDelegate.swift */; };
		349F27251F61B77C00D180CB /* ViewController.swift in Sources */ = {isa = PBXBuildFile; fileRef = 349F27241F61B77C00D180CB /* ViewController.swift */; };
		349F27281F61B77C00D180CB /* Main.storyboard in Resources */ = {isa = PBXBuildFile; fileRef = 349F27261F61B77C00D180CB /* Main.storyboard */; };
		349F272A1F61B77C00D180CB /* Assets.xcassets in Resources */ = {isa = PBXBuildFile; fileRef = 349F27291F61B77C00D180CB /* Assets.xcassets */; };
		349F272D1F61B77C00D180CB /* LaunchScreen.storyboard in Resources */ = {isa = PBXBuildFile; fileRef = 349F272B1F61B77C00D180CB /* LaunchScreen.storyboard */; };
		C82D7B571F61E1E000454FE4 /* CHANGELOG.txt in Resources */ = {isa = PBXBuildFile; fileRef = C82D7B561F61E1E000454FE4 /* CHANGELOG.txt */; };
		C82D7B651F61E82B00454FE4 /* MonitorExtras.m in Sources */ = {isa = PBXBuildFile; fileRef = C82D7B641F61E82B00454FE4 /* MonitorExtras.m */; };
		C82D7B8A1F61EC6500454FE4 /* CustomerTableViewCell.xib in Resources */ = {isa = PBXBuildFile; fileRef = C82D7B881F61EC6500454FE4 /* CustomerTableViewCell.xib */; };
		C82D7B8E1F61EC9500454FE4 /* ConfigureViewController.xib in Resources */ = {isa = PBXBuildFile; fileRef = C82D7B8C1F61EC9500454FE4 /* ConfigureViewController.xib */; };
		C82D7B921F62033300454FE4 /* ConfigureViewController.swift in Sources */ = {isa = PBXBuildFile; fileRef = C82D7B911F62033300454FE4 /* ConfigureViewController.swift */; };
		C82D7B941F62085D00454FE4 /* CustomerTableViewCell.swift in Sources */ = {isa = PBXBuildFile; fileRef = C82D7B931F62085D00454FE4 /* CustomerTableViewCell.swift */; };
/* End PBXBuildFile section */

/* Begin PBXFileReference section */
		349F271F1F61B77C00D180CB /* MonitorApp.app */ = {isa = PBXFileReference; explicitFileType = wrapper.application; includeInIndex = 0; path = MonitorApp.app; sourceTree = BUILT_PRODUCTS_DIR; };
		349F27221F61B77C00D180CB /* AppDelegate.swift */ = {isa = PBXFileReference; lastKnownFileType = sourcecode.swift; path = AppDelegate.swift; sourceTree = "<group>"; };
		349F27241F61B77C00D180CB /* ViewController.swift */ = {isa = PBXFileReference; lastKnownFileType = sourcecode.swift; path = ViewController.swift; sourceTree = "<group>"; };
		349F27271F61B77C00D180CB /* Base */ = {isa = PBXFileReference; lastKnownFileType = file.storyboard; name = Base; path = Base.lproj/Main.storyboard; sourceTree = "<group>"; };
		349F27291F61B77C00D180CB /* Assets.xcassets */ = {isa = PBXFileReference; lastKnownFileType = folder.assetcatalog; path = Assets.xcassets; sourceTree = "<group>"; };
		349F272C1F61B77C00D180CB /* Base */ = {isa = PBXFileReference; lastKnownFileType = file.storyboard; name = Base; path = Base.lproj/LaunchScreen.storyboard; sourceTree = "<group>"; };
		349F272E1F61B77C00D180CB /* Info.plist */ = {isa = PBXFileReference; lastKnownFileType = text.plist.xml; path = Info.plist; sourceTree = "<group>"; };
		C82D7B561F61E1E000454FE4 /* CHANGELOG.txt */ = {isa = PBXFileReference; fileEncoding = 4; lastKnownFileType = text; path = CHANGELOG.txt; sourceTree = "<group>"; };
		C82D7B621F61E82A00454FE4 /* MonitorApp-Bridging-Header.h */ = {isa = PBXFileReference; lastKnownFileType = sourcecode.c.h; path = "MonitorApp-Bridging-Header.h"; sourceTree = "<group>"; };
		C82D7B631F61E82B00454FE4 /* MonitorExtras.h */ = {isa = PBXFileReference; fileEncoding = 4; lastKnownFileType = sourcecode.c.h; path = MonitorExtras.h; sourceTree = "<group>"; };
		C82D7B641F61E82B00454FE4 /* MonitorExtras.m */ = {isa = PBXFileReference; fileEncoding = 4; lastKnownFileType = sourcecode.c.objc; path = MonitorExtras.m; sourceTree = "<group>"; };
		C82D7B881F61EC6500454FE4 /* CustomerTableViewCell.xib */ = {isa = PBXFileReference; fileEncoding = 4; lastKnownFileType = file.xib; path = CustomerTableViewCell.xib; sourceTree = "<group>"; };
		C82D7B8C1F61EC9500454FE4 /* ConfigureViewController.xib */ = {isa = PBXFileReference; fileEncoding = 4; lastKnownFileType = file.xib; path = ConfigureViewController.xib; sourceTree = "<group>"; };
		C82D7B911F62033300454FE4 /* ConfigureViewController.swift */ = {isa = PBXFileReference; fileEncoding = 4; lastKnownFileType = sourcecode.swift; path = ConfigureViewController.swift; sourceTree = "<group>"; };
		C82D7B931F62085D00454FE4 /* CustomerTableViewCell.swift */ = {isa = PBXFileReference; fileEncoding = 4; lastKnownFileType = sourcecode.swift; path = CustomerTableViewCell.swift; sourceTree = "<group>"; };
/* End PBXFileReference section */

/* Begin PBXFrameworksBuildPhase section */
		349F271C1F61B77C00D180CB /* Frameworks */ = {
			isa = PBXFrameworksBuildPhase;
			buildActionMask = 2147483647;
			files = (
			);
			runOnlyForDeploymentPostprocessing = 0;
		};
/* End PBXFrameworksBuildPhase section */

/* Begin PBXGroup section */
		349F27161F61B77C00D180CB = {
			isa = PBXGroup;
			children = (
				C82D7B561F61E1E000454FE4 /* CHANGELOG.txt */,
				349F27211F61B77C00D180CB /* MonitorApp */,
				349F27201F61B77C00D180CB /* Products */,
			);
			sourceTree = "<group>";
		};
		349F27201F61B77C00D180CB /* Products */ = {
			isa = PBXGroup;
			children = (
				349F271F1F61B77C00D180CB /* MonitorApp.app */,
			);
			name = Products;
			sourceTree = "<group>";
		};
		349F27211F61B77C00D180CB /* MonitorApp */ = {
			isa = PBXGroup;
			children = (
				349F27221F61B77C00D180CB /* AppDelegate.swift */,
				349F27241F61B77C00D180CB /* ViewController.swift */,
				C82D7B911F62033300454FE4 /* ConfigureViewController.swift */,
				C82D7B8C1F61EC9500454FE4 /* ConfigureViewController.xib */,
				349F27261F61B77C00D180CB /* Main.storyboard */,
				C82D7B631F61E82B00454FE4 /* MonitorExtras.h */,
				C82D7B641F61E82B00454FE4 /* MonitorExtras.m */,
				C82D7B901F6202D200454FE4 /* TableViewCells */,
				349F27291F61B77C00D180CB /* Assets.xcassets */,
				349F272B1F61B77C00D180CB /* LaunchScreen.storyboard */,
				349F272E1F61B77C00D180CB /* Info.plist */,
				C82D7B621F61E82A00454FE4 /* MonitorApp-Bridging-Header.h */,
			);
			path = MonitorApp;
			sourceTree = "<group>";
		};
		C82D7B901F6202D200454FE4 /* TableViewCells */ = {
			isa = PBXGroup;
			children = (
				C82D7B931F62085D00454FE4 /* CustomerTableViewCell.swift */,
				C82D7B881F61EC6500454FE4 /* CustomerTableViewCell.xib */,
			);
			name = TableViewCells;
			sourceTree = "<group>";
		};
/* End PBXGroup section */

/* Begin PBXNativeTarget section */
		349F271E1F61B77C00D180CB /* MonitorApp */ = {
			isa = PBXNativeTarget;
			buildConfigurationList = 349F27311F61B77C00D180CB /* Build configuration list for PBXNativeTarget "MonitorApp" */;
			buildPhases = (
				349F271B1F61B77C00D180CB /* Sources */,
				349F271C1F61B77C00D180CB /* Frameworks */,
				349F271D1F61B77C00D180CB /* Resources */,
			);
			buildRules = (
			);
			dependencies = (
			);
			name = MonitorApp;
			productName = MonitorApp;
			productReference = 349F271F1F61B77C00D180CB /* MonitorApp.app */;
			productType = "com.apple.product-type.application";
		};
/* End PBXNativeTarget section */

/* Begin PBXProject section */
		349F27171F61B77C00D180CB /* Project object */ = {
			isa = PBXProject;
			attributes = {
				LastSwiftUpdateCheck = 0830;
				LastUpgradeCheck = 0830;
				ORGANIZATIONNAME = curbside;
				TargetAttributes = {
					349F271E1F61B77C00D180CB = {
						CreatedOnToolsVersion = 8.3.3;
						DevelopmentTeam = 4PW2B764GN;
						LastSwiftMigration = 0830;
						ProvisioningStyle = Automatic;
					};
				};
			};
			buildConfigurationList = 349F271A1F61B77C00D180CB /* Build configuration list for PBXProject "MonitorApp" */;
			compatibilityVersion = "Xcode 3.2";
			developmentRegion = English;
			hasScannedForEncodings = 0;
			knownRegions = (
				en,
				Base,
			);
			mainGroup = 349F27161F61B77C00D180CB;
			productRefGroup = 349F27201F61B77C00D180CB /* Products */;
			projectDirPath = "";
			projectRoot = "";
			targets = (
				349F271E1F61B77C00D180CB /* MonitorApp */,
			);
		};
/* End PBXProject section */

/* Begin PBXResourcesBuildPhase section */
		349F271D1F61B77C00D180CB /* Resources */ = {
			isa = PBXResourcesBuildPhase;
			buildActionMask = 2147483647;
			files = (
				349F272D1F61B77C00D180CB /* LaunchScreen.storyboard in Resources */,
				C82D7B8E1F61EC9500454FE4 /* ConfigureViewController.xib in Resources */,
				349F272A1F61B77C00D180CB /* Assets.xcassets in Resources */,
				349F27281F61B77C00D180CB /* Main.storyboard in Resources */,
				C82D7B571F61E1E000454FE4 /* CHANGELOG.txt in Resources */,
				C82D7B8A1F61EC6500454FE4 /* CustomerTableViewCell.xib in Resources */,
			);
			runOnlyForDeploymentPostprocessing = 0;
		};
/* End PBXResourcesBuildPhase section */

/* Begin PBXSourcesBuildPhase section */
		349F271B1F61B77C00D180CB /* Sources */ = {
			isa = PBXSourcesBuildPhase;
			buildActionMask = 2147483647;
			files = (
				C82D7B651F61E82B00454FE4 /* MonitorExtras.m in Sources */,
				349F27251F61B77C00D180CB /* ViewController.swift in Sources */,
				349F27231F61B77C00D180CB /* AppDelegate.swift in Sources */,
				C82D7B921F62033300454FE4 /* ConfigureViewController.swift in Sources */,
				C82D7B941F62085D00454FE4 /* CustomerTableViewCell.swift in Sources */,
			);
			runOnlyForDeploymentPostprocessing = 0;
		};
/* End PBXSourcesBuildPhase section */

/* Begin PBXVariantGroup section */
		349F27261F61B77C00D180CB /* Main.storyboard */ = {
			isa = PBXVariantGroup;
			children = (
				349F27271F61B77C00D180CB /* Base */,
			);
			name = Main.storyboard;
			sourceTree = "<group>";
		};
		349F272B1F61B77C00D180CB /* LaunchScreen.storyboard */ = {
			isa = PBXVariantGroup;
			children = (
				349F272C1F61B77C00D180CB /* Base */,
			);
			name = LaunchScreen.storyboard;
			sourceTree = "<group>";
		};
/* End PBXVariantGroup section */

/* Begin XCBuildConfiguration section */
		349F272F1F61B77C00D180CB /* Debug */ = {
			isa = XCBuildConfiguration;
			buildSettings = {
				ALWAYS_SEARCH_USER_PATHS = NO;
				CLANG_ANALYZER_NONNULL = YES;
				CLANG_ANALYZER_NUMBER_OBJECT_CONVERSION = YES_AGGRESSIVE;
				CLANG_CXX_LANGUAGE_STANDARD = "gnu++0x";
				CLANG_CXX_LIBRARY = "libc++";
				CLANG_ENABLE_MODULES = YES;
				CLANG_ENABLE_OBJC_ARC = YES;
				CLANG_WARN_BOOL_CONVERSION = YES;
				CLANG_WARN_CONSTANT_CONVERSION = YES;
				CLANG_WARN_DIRECT_OBJC_ISA_USAGE = YES_ERROR;
				CLANG_WARN_DOCUMENTATION_COMMENTS = YES;
				CLANG_WARN_EMPTY_BODY = YES;
				CLANG_WARN_ENUM_CONVERSION = YES;
				CLANG_WARN_INFINITE_RECURSION = YES;
				CLANG_WARN_INT_CONVERSION = YES;
				CLANG_WARN_OBJC_ROOT_CLASS = YES_ERROR;
				CLANG_WARN_SUSPICIOUS_MOVE = YES;
				CLANG_WARN_UNREACHABLE_CODE = YES;
				CLANG_WARN__DUPLICATE_METHOD_MATCH = YES;
				"CODE_SIGN_IDENTITY[sdk=iphoneos*]" = "iPhone Developer";
				COPY_PHASE_STRIP = NO;
				DEBUG_INFORMATION_FORMAT = dwarf;
				ENABLE_STRICT_OBJC_MSGSEND = YES;
				ENABLE_TESTABILITY = YES;
				GCC_C_LANGUAGE_STANDARD = gnu99;
				GCC_DYNAMIC_NO_PIC = NO;
				GCC_NO_COMMON_BLOCKS = YES;
				GCC_OPTIMIZATION_LEVEL = 0;
				GCC_PREPROCESSOR_DEFINITIONS = (
					"DEBUG=1",
					"$(inherited)",
				);
				GCC_WARN_64_TO_32_BIT_CONVERSION = YES;
				GCC_WARN_ABOUT_RETURN_TYPE = YES_ERROR;
				GCC_WARN_UNDECLARED_SELECTOR = YES;
				GCC_WARN_UNINITIALIZED_AUTOS = YES_AGGRESSIVE;
				GCC_WARN_UNUSED_FUNCTION = YES;
				GCC_WARN_UNUSED_VARIABLE = YES;
				IPHONEOS_DEPLOYMENT_TARGET = 10.3;
				MTL_ENABLE_DEBUG_INFO = YES;
				ONLY_ACTIVE_ARCH = YES;
				SDKROOT = iphoneos;
				SWIFT_ACTIVE_COMPILATION_CONDITIONS = DEBUG;
				SWIFT_OPTIMIZATION_LEVEL = "-Onone";
				TARGETED_DEVICE_FAMILY = "1,2";
			};
			name = Debug;
		};
		349F27301F61B77C00D180CB /* Release */ = {
			isa = XCBuildConfiguration;
			buildSettings = {
				ALWAYS_SEARCH_USER_PATHS = NO;
				CLANG_ANALYZER_NONNULL = YES;
				CLANG_ANALYZER_NUMBER_OBJECT_CONVERSION = YES_AGGRESSIVE;
				CLANG_CXX_LANGUAGE_STANDARD = "gnu++0x";
				CLANG_CXX_LIBRARY = "libc++";
				CLANG_ENABLE_MODULES = YES;
				CLANG_ENABLE_OBJC_ARC = YES;
				CLANG_WARN_BOOL_CONVERSION = YES;
				CLANG_WARN_CONSTANT_CONVERSION = YES;
				CLANG_WARN_DIRECT_OBJC_ISA_USAGE = YES_ERROR;
				CLANG_WARN_DOCUMENTATION_COMMENTS = YES;
				CLANG_WARN_EMPTY_BODY = YES;
				CLANG_WARN_ENUM_CONVERSION = YES;
				CLANG_WARN_INFINITE_RECURSION = YES;
				CLANG_WARN_INT_CONVERSION = YES;
				CLANG_WARN_OBJC_ROOT_CLASS = YES_ERROR;
				CLANG_WARN_SUSPICIOUS_MOVE = YES;
				CLANG_WARN_UNREACHABLE_CODE = YES;
				CLANG_WARN__DUPLICATE_METHOD_MATCH = YES;
				"CODE_SIGN_IDENTITY[sdk=iphoneos*]" = "iPhone Developer";
				COPY_PHASE_STRIP = NO;
				DEBUG_INFORMATION_FORMAT = "dwarf-with-dsym";
				ENABLE_NS_ASSERTIONS = NO;
				ENABLE_STRICT_OBJC_MSGSEND = YES;
				GCC_C_LANGUAGE_STANDARD = gnu99;
				GCC_NO_COMMON_BLOCKS = YES;
				GCC_WARN_64_TO_32_BIT_CONVERSION = YES;
				GCC_WARN_ABOUT_RETURN_TYPE = YES_ERROR;
				GCC_WARN_UNDECLARED_SELECTOR = YES;
				GCC_WARN_UNINITIALIZED_AUTOS = YES_AGGRESSIVE;
				GCC_WARN_UNUSED_FUNCTION = YES;
				GCC_WARN_UNUSED_VARIABLE = YES;
				IPHONEOS_DEPLOYMENT_TARGET = 10.3;
				MTL_ENABLE_DEBUG_INFO = NO;
				SDKROOT = iphoneos;
				SWIFT_OPTIMIZATION_LEVEL = "-Owholemodule";
				TARGETED_DEVICE_FAMILY = "1,2";
				VALIDATE_PRODUCT = YES;
			};
			name = Release;
		};
		349F27321F61B77C00D180CB /* Debug */ = {
			isa = XCBuildConfiguration;
			buildSettings = {
				ASSETCATALOG_COMPILER_APPICON_NAME = AppIcon;
				CLANG_ENABLE_MODULES = YES;
				DEVELOPMENT_TEAM = 4PW2B764GN;
				FRAMEWORK_SEARCH_PATHS = (
					"$(inherited)",
					"$(PROJECT_DIR)",
				);
				INFOPLIST_FILE = MonitorApp/Info.plist;
				LD_RUNPATH_SEARCH_PATHS = "$(inherited) @executable_path/Frameworks";
				PRODUCT_BUNDLE_IDENTIFIER = com.curbside.MonitorApp;
				PRODUCT_NAME = "$(TARGET_NAME)";
				SWIFT_OBJC_BRIDGING_HEADER = "MonitorApp/MonitorApp-Bridging-Header.h";
				SWIFT_OPTIMIZATION_LEVEL = "-Onone";
				SWIFT_VERSION = 3.0;
			};
			name = Debug;
		};
		349F27331F61B77C00D180CB /* Release */ = {
			isa = XCBuildConfiguration;
			buildSettings = {
				ASSETCATALOG_COMPILER_APPICON_NAME = AppIcon;
				CLANG_ENABLE_MODULES = YES;
				DEVELOPMENT_TEAM = 4PW2B764GN;
				FRAMEWORK_SEARCH_PATHS = (
					"$(inherited)",
					"$(PROJECT_DIR)",
				);
				INFOPLIST_FILE = MonitorApp/Info.plist;
				LD_RUNPATH_SEARCH_PATHS = "$(inherited) @executable_path/Frameworks";
				PRODUCT_BUNDLE_IDENTIFIER = com.curbside.MonitorApp;
				PRODUCT_NAME = "$(TARGET_NAME)";
				SWIFT_OBJC_BRIDGING_HEADER = "MonitorApp/MonitorApp-Bridging-Header.h";
				SWIFT_VERSION = 3.0;
			};
			name = Release;
		};
/* End XCBuildConfiguration section */

/* Begin XCConfigurationList section */
		349F271A1F61B77C00D180CB /* Build configuration list for PBXProject "MonitorApp" */ = {
			isa = XCConfigurationList;
			buildConfigurations = (
				349F272F1F61B77C00D180CB /* Debug */,
				349F27301F61B77C00D180CB /* Release */,
			);
			defaultConfigurationIsVisible = 0;
			defaultConfigurationName = Release;
		};
		349F27311F61B77C00D180CB /* Build configuration list for PBXNativeTarget "MonitorApp" */ = {
			isa = XCConfigurationList;
			buildConfigurations = (
				349F27321F61B77C00D180CB /* Debug */,
				349F27331F61B77C00D180CB /* Release */,
			);
			defaultConfigurationIsVisible = 0;
			defaultConfigurationName = Release;
		};
/* End XCConfigurationList section */
	};
	rootObject = 349F27171F61B77C00D180CB /* Project object */;
}
